{
    "_readme": [
        "This file locks the dependencies of your project to a known state",
        "Read more about it at https://getcomposer.org/doc/01-basic-usage.md#installing-dependencies",
        "This file is @generated automatically"
    ],
    "content-hash": "1df7be4d7949a0ab6b4072f55769b77c",
    "packages": [
        {
            "name": "palasthotel/wp-components",
            "version": "0.0.8",
            "source": {
                "type": "git",
                "url": "https://github.com/palasthotel/wp-components.git",
                "reference": "32b415345c5e3d7f50897e5db650093039dc1f00"
            },
            "dist": {
                "type": "zip",
                "url": "https://api.github.com/repos/palasthotel/wp-components/zipball/32b415345c5e3d7f50897e5db650093039dc1f00",
                "reference": "32b415345c5e3d7f50897e5db650093039dc1f00",
                "shasum": ""
            },
            "type": "library",
            "autoload": {
                "psr-4": {
                    "Palasthotel\\WordPress\\": "src/"
                }
            },
            "license": [
                "MIT"
            ],
            "authors": [
                {
                    "name": "Edward Bock",
                    "email": "edward.bock@palasthotel.de",
                    "homepage": "http://edwardbock.de",
                    "role": "Developer"
                }
            ],
            "description": "Provide helper components for plugin and theme development",
            "homepage": "https://palasthotel.de",
            "support": {
                "source": "https://github.com/palasthotel/wp-components/tree/0.0.8",
                "issues": "https://github.com/palasthotel/wp-components/issues"
            },
            "time": "2021-05-04T10:41:38+00:00"
        }
    ],
    "packages-dev": [],
    "aliases": [],
    "minimum-stability": "stable",
    "stability-flags": [],
    "prefer-stable": false,
    "prefer-lowest": false,
    "platform": [],
    "platform-dev": [],
    "plugin-api-version": "2.0.0"
}
