{
    "_readme": [
        "This file locks the dependencies of your project to a known state",
        "Read more about it at https://getcomposer.org/doc/01-basic-usage.md#installing-dependencies",
        "This file is @generated automatically"
    ],
    "content-hash": "b7e6c64b1843d6dd1645f367bd048ff5",
    "packages": [
        {
            "name": "palasthotel/wp-components",
            "version": "0.0.2",
            "source": {
                "type": "git",
                "url": "https://github.com/palasthotel/wp-components.git",
                "reference": "aaee850cfde94c4d54d70bf651f138d126a3f986"
            },
            "dist": {
                "type": "zip",
                "url": "https://api.github.com/repos/palasthotel/wp-components/zipball/aaee850cfde94c4d54d70bf651f138d126a3f986",
                "reference": "aaee850cfde94c4d54d70bf651f138d126a3f986",
                "shasum": ""
            },
            "type": "library",
            "autoload": {
                "psr-4": {
                    "Palasthotel\\WordPress\\": "src/"
                }
            },
            "license": [
                "MIT"
            ],
            "authors": [
                {
                    "name": "Edward Bock",
                    "email": "edward.bock@palasthotel.de",
                    "homepage": "http://edwardbock.de",
                    "role": "Developer"
                }
            ],
            "description": "Provide helper components for plugin and theme development",
            "homepage": "https://palasthotel.de",
            "support": {
                "source": "https://github.com/palasthotel/wp-components/tree/0.0.2",
                "issues": "https://github.com/palasthotel/wp-components/issues"
            },
            "time": "2021-04-22T09:05:42+00:00"
        }
    ],
    "packages-dev": [],
    "aliases": [],
    "minimum-stability": "stable",
    "stability-flags": [],
    "prefer-stable": false,
    "prefer-lowest": false,
    "platform": [],
    "platform-dev": [],
    "plugin-api-version": "2.0.0"
}
